{
  "name": "@vonage/node-red-verify",
  "version": "1.0.0",
  "lockfileVersion": 1,
  "requires": true,
  "dependencies": {
    "@vonage/node-red-basicauth": {
      "version": "github:juliacodez/vonage-node-red-basicauth#dd61c440ecc3fd3882f03ba9b5fe8ee5ccc71be6",
      "from": "github:juliacodez/vonage-node-red-basicauth"
    }
  }
}
